// !$*UTF8*$!
{
	archiveVersion = 1;
	classes = {
	};
	objectVersion = 77;
	objects = {

/* Begin PBXBuildFile section */
		149C6E9A2DB0079D0073D5BF /* FirebaseAnalytics in Frameworks */ = {isa = PBXBuildFile; productRef = 149C6E992DB0079D0073D5BF /* FirebaseAnalytics */; };
		149C6E9C2DB0079D0073D5BF /* FirebaseAppCheck in Frameworks */ = {isa = PBXBuildFile; productRef = 149C6E9B2DB0079D0073D5BF /* FirebaseAppCheck */; };
		149C6E9E2DB0079D0073D5BF /* FirebaseAppDistribution-Beta in Frameworks */ = {isa = PBXBuildFile; productRef = 149C6E9D2DB0079D0073D5BF /* FirebaseAppDistribution-Beta */; };
		149C6EA02DB0079D0073D5BF /* FirebaseAuth in Frameworks */ = {isa = PBXBuildFile; productRef = 149C6E9F2DB0079D0073D5BF /* FirebaseAuth */; };
		149C6EA22DB0079D0073D5BF /* FirebaseAuthCombine-Community in Frameworks */ = {isa = PBXBuildFile; productRef = 149C6EA12DB0079D0073D5BF /* FirebaseAuthCombine-Community */; };
		149C6EA42DB0079D0073D5BF /* FirebaseCore in Frameworks */ = {isa = PBXBuildFile; productRef = 149C6EA32DB0079D0073D5BF /* FirebaseCore */; };
		149C6EA62DB0079D0073D5BF /* FirebaseCrashlytics in Frameworks */ = {isa = PBXBuildFile; productRef = 149C6EA52DB0079D0073D5BF /* FirebaseCrashlytics */; };
		149C6EA82DB0079D0073D5BF /* FirebaseDatabase in Frameworks */ = {isa = PBXBuildFile; productRef = 149C6EA72DB0079D0073D5BF /* FirebaseDatabase */; };
		149C6EAA2DB0079D0073D5BF /* FirebaseStorage in Frameworks */ = {isa = PBXBuildFile; productRef = 149C6EA92DB0079D0073D5BF /* FirebaseStorage */; };
		149C6EAC2DB0079D0073D5BF /* FirebaseStorageCombine-Community in Frameworks */ = {isa = PBXBuildFile; productRef = 149C6EAB2DB0079D0073D5BF /* FirebaseStorageCombine-Community */; };
		14A87A802DB0265800B3CFC3 /* GoogleSignIn in Frameworks */ = {isa = PBXBuildFile; productRef = 14A87A7F2DB0265800B3CFC3 /* GoogleSignIn */; };
		14A87A822DB0265800B3CFC3 /* GoogleSignInSwift in Frameworks */ = {isa = PBXBuildFile; productRef = 14A87A812DB0265800B3CFC3 /* GoogleSignInSwift */; };
		14A87A8A2DB03D2D00B3CFC3 /* FirebaseFirestore in Frameworks */ = {isa = PBXBuildFile; productRef = 14A87A892DB03D2D00B3CFC3 /* FirebaseFirestore */; };
/* End PBXBuildFile section */

/* Begin PBXContainerItemProxy section */
		0A1FF8692D6A51FF00500C92 /* PBXContainerItemProxy */ = {
			isa = PBXContainerItemProxy;
			containerPortal = 0A1FF8502D6A51FD00500C92 /* Project object */;
			proxyType = 1;
			remoteGlobalIDString = 0A1FF8572D6A51FD00500C92;
			remoteInfo = BoilerMake;
		};
		0A1FF8732D6A51FF00500C92 /* PBXContainerItemProxy */ = {
			isa = PBXContainerItemProxy;
			containerPortal = 0A1FF8502D6A51FD00500C92 /* Project object */;
			proxyType = 1;
			remoteGlobalIDString = 0A1FF8572D6A51FD00500C92;
			remoteInfo = BoilerMake;
		};
/* End PBXContainerItemProxy section */

/* Begin PBXFileReference section */
		0A1FF8582D6A51FD00500C92 /* BoilerMake.app */ = {isa = PBXFileReference; explicitFileType = wrapper.application; includeInIndex = 0; path = BoilerMake.app; sourceTree = BUILT_PRODUCTS_DIR; };
		0A1FF8682D6A51FF00500C92 /* BoilerMakeTests.xctest */ = {isa = PBXFileReference; explicitFileType = wrapper.cfbundle; includeInIndex = 0; path = BoilerMakeTests.xctest; sourceTree = BUILT_PRODUCTS_DIR; };
		0A1FF8722D6A51FF00500C92 /* BoilerMakeUITests.xctest */ = {isa = PBXFileReference; explicitFileType = wrapper.cfbundle; includeInIndex = 0; path = BoilerMakeUITests.xctest; sourceTree = BUILT_PRODUCTS_DIR; };
/* End PBXFileReference section */

/* Begin PBXFileSystemSynchronizedBuildFileExceptionSet section */
		14A87A842DB0290800B3CFC3 /* Exceptions for "BoilerMake" folder in "BoilerMake" target */ = {
			isa = PBXFileSystemSynchronizedBuildFileExceptionSet;
			membershipExceptions = (
				Info.plist,
			);
			target = 0A1FF8572D6A51FD00500C92 /* BoilerMake */;
		};
/* End PBXFileSystemSynchronizedBuildFileExceptionSet section */

/* Begin PBXFileSystemSynchronizedRootGroup section */
		0A1FF85A2D6A51FD00500C92 /* BoilerMake */ = {
			isa = PBXFileSystemSynchronizedRootGroup;
			exceptions = (
				14A87A842DB0290800B3CFC3 /* Exceptions for "BoilerMake" folder in "BoilerMake" target */,
			);
			path = BoilerMake;
			sourceTree = "<group>";
		};
		0A1FF86B2D6A51FF00500C92 /* BoilerMakeTests */ = {
			isa = PBXFileSystemSynchronizedRootGroup;
			path = BoilerMakeTests;
			sourceTree = "<group>";
		};
		0A1FF8752D6A51FF00500C92 /* BoilerMakeUITests */ = {
			isa = PBXFileSystemSynchronizedRootGroup;
			path = BoilerMakeUITests;
			sourceTree = "<group>";
		};
/* End PBXFileSystemSynchronizedRootGroup section */

/* Begin PBXFrameworksBuildPhase section */
		0A1FF8552D6A51FD00500C92 /* Frameworks */ = {
			isa = PBXFrameworksBuildPhase;
			buildActionMask = 2147483647;
			files = (
				149C6E9C2DB0079D0073D5BF /* FirebaseAppCheck in Frameworks */,
				14A87A8A2DB03D2D00B3CFC3 /* FirebaseFirestore in Frameworks */,
				149C6E9A2DB0079D0073D5BF /* FirebaseAnalytics in Frameworks */,
				14A87A802DB0265800B3CFC3 /* GoogleSignIn in Frameworks */,
				14A87A822DB0265800B3CFC3 /* GoogleSignInSwift in Frameworks */,
				149C6EAC2DB0079D0073D5BF /* FirebaseStorageCombine-Community in Frameworks */,
				149C6EAA2DB0079D0073D5BF /* FirebaseStorage in Frameworks */,
				149C6E9E2DB0079D0073D5BF /* FirebaseAppDistribution-Beta in Frameworks */,
				149C6EA62DB0079D0073D5BF /* FirebaseCrashlytics in Frameworks */,
				149C6EA02DB0079D0073D5BF /* FirebaseAuth in Frameworks */,
				149C6EA42DB0079D0073D5BF /* FirebaseCore in Frameworks */,
				149C6EA82DB0079D0073D5BF /* FirebaseDatabase in Frameworks */,
				149C6EA22DB0079D0073D5BF /* FirebaseAuthCombine-Community in Frameworks */,
			);
			runOnlyForDeploymentPostprocessing = 0;
		};
		0A1FF8652D6A51FF00500C92 /* Frameworks */ = {
			isa = PBXFrameworksBuildPhase;
			buildActionMask = 2147483647;
			files = (
			);
			runOnlyForDeploymentPostprocessing = 0;
		};
		0A1FF86F2D6A51FF00500C92 /* Frameworks */ = {
			isa = PBXFrameworksBuildPhase;
			buildActionMask = 2147483647;
			files = (
			);
			runOnlyForDeploymentPostprocessing = 0;
		};
/* End PBXFrameworksBuildPhase section */

/* Begin PBXGroup section */
		0A1FF84F2D6A51FD00500C92 = {
			isa = PBXGroup;
			children = (
				0A1FF85A2D6A51FD00500C92 /* BoilerMake */,
				0A1FF86B2D6A51FF00500C92 /* BoilerMakeTests */,
				0A1FF8752D6A51FF00500C92 /* BoilerMakeUITests */,
				0A1FF8592D6A51FD00500C92 /* Products */,
			);
			sourceTree = "<group>";
		};
		0A1FF8592D6A51FD00500C92 /* Products */ = {
			isa = PBXGroup;
			children = (
				0A1FF8582D6A51FD00500C92 /* BoilerMake.app */,
				0A1FF8682D6A51FF00500C92 /* BoilerMakeTests.xctest */,
				0A1FF8722D6A51FF00500C92 /* BoilerMakeUITests.xctest */,
			);
			name = Products;
			sourceTree = "<group>";
		};
/* End PBXGroup section */

/* Begin PBXNativeTarget section */
		0A1FF8572D6A51FD00500C92 /* BoilerMake */ = {
			isa = PBXNativeTarget;
			buildConfigurationList = 0A1FF87C2D6A51FF00500C92 /* Build configuration list for PBXNativeTarget "BoilerMake" */;
			buildPhases = (
				0A1FF8542D6A51FD00500C92 /* Sources */,
				0A1FF8552D6A51FD00500C92 /* Frameworks */,
				0A1FF8562D6A51FD00500C92 /* Resources */,
			);
			buildRules = (
			);
			dependencies = (
			);
			fileSystemSynchronizedGroups = (
				0A1FF85A2D6A51FD00500C92 /* BoilerMake */,
			);
			name = BoilerMake;
			packageProductDependencies = (
				149C6E992DB0079D0073D5BF /* FirebaseAnalytics */,
				149C6E9B2DB0079D0073D5BF /* FirebaseAppCheck */,
				149C6E9D2DB0079D0073D5BF /* FirebaseAppDistribution-Beta */,
				149C6E9F2DB0079D0073D5BF /* FirebaseAuth */,
				149C6EA12DB0079D0073D5BF /* FirebaseAuthCombine-Community */,
				149C6EA32DB0079D0073D5BF /* FirebaseCore */,
				149C6EA52DB0079D0073D5BF /* FirebaseCrashlytics */,
				149C6EA72DB0079D0073D5BF /* FirebaseDatabase */,
				149C6EA92DB0079D0073D5BF /* FirebaseStorage */,
				149C6EAB2DB0079D0073D5BF /* FirebaseStorageCombine-Community */,
				14A87A7F2DB0265800B3CFC3 /* GoogleSignIn */,
				14A87A812DB0265800B3CFC3 /* GoogleSignInSwift */,
				14A87A892DB03D2D00B3CFC3 /* FirebaseFirestore */,
			);
			productName = BoilerMake;
			productReference = 0A1FF8582D6A51FD00500C92 /* BoilerMake.app */;
			productType = "com.apple.product-type.application";
		};
		0A1FF8672D6A51FF00500C92 /* BoilerMakeTests */ = {
			isa = PBXNativeTarget;
			buildConfigurationList = 0A1FF87F2D6A51FF00500C92 /* Build configuration list for PBXNativeTarget "BoilerMakeTests" */;
			buildPhases = (
				0A1FF8642D6A51FF00500C92 /* Sources */,
				0A1FF8652D6A51FF00500C92 /* Frameworks */,
				0A1FF8662D6A51FF00500C92 /* Resources */,
			);
			buildRules = (
			);
			dependencies = (
				0A1FF86A2D6A51FF00500C92 /* PBXTargetDependency */,
			);
			fileSystemSynchronizedGroups = (
				0A1FF86B2D6A51FF00500C92 /* BoilerMakeTests */,
			);
			name = BoilerMakeTests;
			packageProductDependencies = (
			);
			productName = BoilerMakeTests;
			productReference = 0A1FF8682D6A51FF00500C92 /* BoilerMakeTests.xctest */;
			productType = "com.apple.product-type.bundle.unit-test";
		};
		0A1FF8712D6A51FF00500C92 /* BoilerMakeUITests */ = {
			isa = PBXNativeTarget;
			buildConfigurationList = 0A1FF8822D6A51FF00500C92 /* Build configuration list for PBXNativeTarget "BoilerMakeUITests" */;
			buildPhases = (
				0A1FF86E2D6A51FF00500C92 /* Sources */,
				0A1FF86F2D6A51FF00500C92 /* Frameworks */,
				0A1FF8702D6A51FF00500C92 /* Resources */,
			);
			buildRules = (
			);
			dependencies = (
				0A1FF8742D6A51FF00500C92 /* PBXTargetDependency */,
			);
			fileSystemSynchronizedGroups = (
				0A1FF8752D6A51FF00500C92 /* BoilerMakeUITests */,
			);
			name = BoilerMakeUITests;
			packageProductDependencies = (
			);
			productName = BoilerMakeUITests;
			productReference = 0A1FF8722D6A51FF00500C92 /* BoilerMakeUITests.xctest */;
			productType = "com.apple.product-type.bundle.ui-testing";
		};
/* End PBXNativeTarget section */

/* Begin PBXProject section */
		0A1FF8502D6A51FD00500C92 /* Project object */ = {
			isa = PBXProject;
			attributes = {
				BuildIndependentTargetsInParallel = 1;
				LastSwiftUpdateCheck = 1620;
				LastUpgradeCheck = 1620;
				TargetAttributes = {
					0A1FF8572D6A51FD00500C92 = {
						CreatedOnToolsVersion = 16.2;
					};
					0A1FF8672D6A51FF00500C92 = {
						CreatedOnToolsVersion = 16.2;
						TestTargetID = 0A1FF8572D6A51FD00500C92;
					};
					0A1FF8712D6A51FF00500C92 = {
						CreatedOnToolsVersion = 16.2;
						TestTargetID = 0A1FF8572D6A51FD00500C92;
					};
				};
			};
			buildConfigurationList = 0A1FF8532D6A51FD00500C92 /* Build configuration list for PBXProject "BoilerMake" */;
			developmentRegion = en;
			hasScannedForEncodings = 0;
			knownRegions = (
				en,
				Base,
			);
			mainGroup = 0A1FF84F2D6A51FD00500C92;
			minimizedProjectReferenceProxies = 1;
			packageReferences = (
				149C6E982DB0079D0073D5BF /* XCRemoteSwiftPackageReference "firebase-ios-sdk" */,
				14A87A7C2DB0245E00B3CFC3 /* XCRemoteSwiftPackageReference "GoogleSignIn-iOS" */,
			);
			preferredProjectObjectVersion = 77;
			productRefGroup = 0A1FF8592D6A51FD00500C92 /* Products */;
			projectDirPath = "";
			projectRoot = "";
			targets = (
				0A1FF8572D6A51FD00500C92 /* BoilerMake */,
				0A1FF8672D6A51FF00500C92 /* BoilerMakeTests */,
				0A1FF8712D6A51FF00500C92 /* BoilerMakeUITests */,
			);
		};
/* End PBXProject section */

/* Begin PBXResourcesBuildPhase section */
		0A1FF8562D6A51FD00500C92 /* Resources */ = {
			isa = PBXResourcesBuildPhase;
			buildActionMask = 2147483647;
			files = (
			);
			runOnlyForDeploymentPostprocessing = 0;
		};
		0A1FF8662D6A51FF00500C92 /* Resources */ = {
			isa = PBXResourcesBuildPhase;
			buildActionMask = 2147483647;
			files = (
			);
			runOnlyForDeploymentPostprocessing = 0;
		};
		0A1FF8702D6A51FF00500C92 /* Resources */ = {
			isa = PBXResourcesBuildPhase;
			buildActionMask = 2147483647;
			files = (
			);
			runOnlyForDeploymentPostprocessing = 0;
		};
/* End PBXResourcesBuildPhase section */

/* Begin PBXSourcesBuildPhase section */
		0A1FF8542D6A51FD00500C92 /* Sources */ = {
			isa = PBXSourcesBuildPhase;
			buildActionMask = 2147483647;
			files = (
			);
			runOnlyForDeploymentPostprocessing = 0;
		};
		0A1FF8642D6A51FF00500C92 /* Sources */ = {
			isa = PBXSourcesBuildPhase;
			buildActionMask = 2147483647;
			files = (
			);
			runOnlyForDeploymentPostprocessing = 0;
		};
		0A1FF86E2D6A51FF00500C92 /* Sources */ = {
			isa = PBXSourcesBuildPhase;
			buildActionMask = 2147483647;
			files = (
			);
			runOnlyForDeploymentPostprocessing = 0;
		};
/* End PBXSourcesBuildPhase section */

/* Begin PBXTargetDependency section */
		0A1FF86A2D6A51FF00500C92 /* PBXTargetDependency */ = {
			isa = PBXTargetDependency;
			target = 0A1FF8572D6A51FD00500C92 /* BoilerMake */;
			targetProxy = 0A1FF8692D6A51FF00500C92 /* PBXContainerItemProxy */;
		};
		0A1FF8742D6A51FF00500C92 /* PBXTargetDependency */ = {
			isa = PBXTargetDependency;
			target = 0A1FF8572D6A51FD00500C92 /* BoilerMake */;
			targetProxy = 0A1FF8732D6A51FF00500C92 /* PBXContainerItemProxy */;
		};
/* End PBXTargetDependency section */

/* Begin XCBuildConfiguration section */
		0A1FF87A2D6A51FF00500C92 /* Debug */ = {
			isa = XCBuildConfiguration;
			buildSettings = {
				ALWAYS_SEARCH_USER_PATHS = NO;
				ASSETCATALOG_COMPILER_GENERATE_SWIFT_ASSET_SYMBOL_EXTENSIONS = YES;
				CLANG_ANALYZER_NONNULL = YES;
				CLANG_ANALYZER_NUMBER_OBJECT_CONVERSION = YES_AGGRESSIVE;
				CLANG_CXX_LANGUAGE_STANDARD = "gnu++20";
				CLANG_ENABLE_MODULES = YES;
				CLANG_ENABLE_OBJC_ARC = YES;
				CLANG_ENABLE_OBJC_WEAK = YES;
				CLANG_WARN_BLOCK_CAPTURE_AUTORELEASING = YES;
				CLANG_WARN_BOOL_CONVERSION = YES;
				CLANG_WARN_COMMA = YES;
				CLANG_WARN_CONSTANT_CONVERSION = YES;
				CLANG_WARN_DEPRECATED_OBJC_IMPLEMENTATIONS = YES;
				CLANG_WARN_DIRECT_OBJC_ISA_USAGE = YES_ERROR;
				CLANG_WARN_DOCUMENTATION_COMMENTS = YES;
				CLANG_WARN_EMPTY_BODY = YES;
				CLANG_WARN_ENUM_CONVERSION = YES;
				CLANG_WARN_INFINITE_RECURSION = YES;
				CLANG_WARN_INT_CONVERSION = YES;
				CLANG_WARN_NON_LITERAL_NULL_CONVERSION = YES;
				CLANG_WARN_OBJC_IMPLICIT_RETAIN_SELF = YES;
				CLANG_WARN_OBJC_LITERAL_CONVERSION = YES;
				CLANG_WARN_OBJC_ROOT_CLASS = YES_ERROR;
				CLANG_WARN_QUOTED_INCLUDE_IN_FRAMEWORK_HEADER = YES;
				CLANG_WARN_RANGE_LOOP_ANALYSIS = YES;
				CLANG_WARN_STRICT_PROTOTYPES = YES;
				CLANG_WARN_SUSPICIOUS_MOVE = YES;
				CLANG_WARN_UNGUARDED_AVAILABILITY = YES_AGGRESSIVE;
				CLANG_WARN_UNREACHABLE_CODE = YES;
				CLANG_WARN__DUPLICATE_METHOD_MATCH = YES;
				COPY_PHASE_STRIP = NO;
				DEBUG_INFORMATION_FORMAT = dwarf;
				ENABLE_STRICT_OBJC_MSGSEND = YES;
				ENABLE_TESTABILITY = YES;
				ENABLE_USER_SCRIPT_SANDBOXING = YES;
				GCC_C_LANGUAGE_STANDARD = gnu17;
				GCC_DYNAMIC_NO_PIC = NO;
				GCC_NO_COMMON_BLOCKS = YES;
				GCC_OPTIMIZATION_LEVEL = 0;
				GCC_PREPROCESSOR_DEFINITIONS = (
					"DEBUG=1",
					"$(inherited)",
				);
				GCC_WARN_64_TO_32_BIT_CONVERSION = YES;
				GCC_WARN_ABOUT_RETURN_TYPE = YES_ERROR;
				GCC_WARN_UNDECLARED_SELECTOR = YES;
				GCC_WARN_UNINITIALIZED_AUTOS = YES_AGGRESSIVE;
				GCC_WARN_UNUSED_FUNCTION = YES;
				GCC_WARN_UNUSED_VARIABLE = YES;
				IPHONEOS_DEPLOYMENT_TARGET = 18.2;
				LOCALIZATION_PREFERS_STRING_CATALOGS = YES;
				MTL_ENABLE_DEBUG_INFO = INCLUDE_SOURCE;
				MTL_FAST_MATH = YES;
				ONLY_ACTIVE_ARCH = YES;
				SDKROOT = iphoneos;
				SWIFT_ACTIVE_COMPILATION_CONDITIONS = "DEBUG $(inherited)";
				SWIFT_OPTIMIZATION_LEVEL = "-Onone";
			};
			name = Debug;
		};
		0A1FF87B2D6A51FF00500C92 /* Release */ = {
			isa = XCBuildConfiguration;
			buildSettings = {
				ALWAYS_SEARCH_USER_PATHS = NO;
				ASSETCATALOG_COMPILER_GENERATE_SWIFT_ASSET_SYMBOL_EXTENSIONS = YES;
				CLANG_ANALYZER_NONNULL = YES;
				CLANG_ANALYZER_NUMBER_OBJECT_CONVERSION = YES_AGGRESSIVE;
				CLANG_CXX_LANGUAGE_STANDARD = "gnu++20";
				CLANG_ENABLE_MODULES = YES;
				CLANG_ENABLE_OBJC_ARC = YES;
				CLANG_ENABLE_OBJC_WEAK = YES;
				CLANG_WARN_BLOCK_CAPTURE_AUTORELEASING = YES;
				CLANG_WARN_BOOL_CONVERSION = YES;
				CLANG_WARN_COMMA = YES;
				CLANG_WARN_CONSTANT_CONVERSION = YES;
				CLANG_WARN_DEPRECATED_OBJC_IMPLEMENTATIONS = YES;
				CLANG_WARN_DIRECT_OBJC_ISA_USAGE = YES_ERROR;
				CLANG_WARN_DOCUMENTATION_COMMENTS = YES;
				CLANG_WARN_EMPTY_BODY = YES;
				CLANG_WARN_ENUM_CONVERSION = YES;
				CLANG_WARN_INFINITE_RECURSION = YES;
				CLANG_WARN_INT_CONVERSION = YES;
				CLANG_WARN_NON_LITERAL_NULL_CONVERSION = YES;
				CLANG_WARN_OBJC_IMPLICIT_RETAIN_SELF = YES;
				CLANG_WARN_OBJC_LITERAL_CONVERSION = YES;
				CLANG_WARN_OBJC_ROOT_CLASS = YES_ERROR;
				CLANG_WARN_QUOTED_INCLUDE_IN_FRAMEWORK_HEADER = YES;
				CLANG_WARN_RANGE_LOOP_ANALYSIS = YES;
				CLANG_WARN_STRICT_PROTOTYPES = YES;
				CLANG_WARN_SUSPICIOUS_MOVE = YES;
				CLANG_WARN_UNGUARDED_AVAILABILITY = YES_AGGRESSIVE;
				CLANG_WARN_UNREACHABLE_CODE = YES;
				CLANG_WARN__DUPLICATE_METHOD_MATCH = YES;
				COPY_PHASE_STRIP = NO;
				DEBUG_INFORMATION_FORMAT = "dwarf-with-dsym";
				ENABLE_NS_ASSERTIONS = NO;
				ENABLE_STRICT_OBJC_MSGSEND = YES;
				ENABLE_USER_SCRIPT_SANDBOXING = YES;
				GCC_C_LANGUAGE_STANDARD = gnu17;
				GCC_NO_COMMON_BLOCKS = YES;
				GCC_WARN_64_TO_32_BIT_CONVERSION = YES;
				GCC_WARN_ABOUT_RETURN_TYPE = YES_ERROR;
				GCC_WARN_UNDECLARED_SELECTOR = YES;
				GCC_WARN_UNINITIALIZED_AUTOS = YES_AGGRESSIVE;
				GCC_WARN_UNUSED_FUNCTION = YES;
				GCC_WARN_UNUSED_VARIABLE = YES;
				IPHONEOS_DEPLOYMENT_TARGET = 18.2;
				LOCALIZATION_PREFERS_STRING_CATALOGS = YES;
				MTL_ENABLE_DEBUG_INFO = NO;
				MTL_FAST_MATH = YES;
				SDKROOT = iphoneos;
				SWIFT_COMPILATION_MODE = wholemodule;
				VALIDATE_PRODUCT = YES;
			};
			name = Release;
		};
		0A1FF87D2D6A51FF00500C92 /* Debug */ = {
			isa = XCBuildConfiguration;
			buildSettings = {
				ASSETCATALOG_COMPILER_APPICON_NAME = AppIcon;
				ASSETCATALOG_COMPILER_GLOBAL_ACCENT_COLOR_NAME = AccentColor;
				CODE_SIGN_STYLE = Automatic;
				CURRENT_PROJECT_VERSION = 1;
				DEVELOPMENT_ASSET_PATHS = "\"BoilerMake/Preview Content\"";
				DEVELOPMENT_TEAM = U96BGV75G7;
				ENABLE_PREVIEWS = YES;
				GENERATE_INFOPLIST_FILE = YES;
				INFOPLIST_FILE = BoilerMake/Info.plist;
				INFOPLIST_KEY_LSApplicationCategoryType = "";
				INFOPLIST_KEY_NSCameraUsageDescription = "";
				INFOPLIST_KEY_NSMicrophoneUsageDescription = Audio;
				INFOPLIST_KEY_NSSpeechRecognitionUsageDescription = Audio;
				INFOPLIST_KEY_UIApplicationSupportsIndirectInputEvents = YES;
				INFOPLIST_KEY_UILaunchScreen_Generation = YES;
				INFOPLIST_KEY_UIRequiredDeviceCapabilities = arkit;
				INFOPLIST_KEY_UIStatusBarHidden = YES;
				INFOPLIST_KEY_UISupportedInterfaceOrientations_iPad = "UIInterfaceOrientationPortrait UIInterfaceOrientationPortraitUpsideDown UIInterfaceOrientationLandscapeLeft UIInterfaceOrientationLandscapeRight";
				INFOPLIST_KEY_UISupportedInterfaceOrientations_iPhone = "UIInterfaceOrientationPortrait UIInterfaceOrientationLandscapeLeft UIInterfaceOrientationLandscapeRight";
				LD_RUNPATH_SEARCH_PATHS = (
					"$(inherited)",
					"@executable_path/Frameworks",
				);
				MARKETING_VERSION = 1.0;
				PRODUCT_BUNDLE_IDENTIFIER = com.AnanyaAutomation.BoilerMake123;
				PRODUCT_NAME = "$(TARGET_NAME)";
				SWIFT_EMIT_LOC_STRINGS = YES;
				SWIFT_VERSION = 5.0;
				TARGETED_DEVICE_FAMILY = "1,2";
			};
			name = Debug;
		};
		0A1FF87E2D6A51FF00500C92 /* Release */ = {
			isa = XCBuildConfiguration;
			buildSettings = {
				ASSETCATALOG_COMPILER_APPICON_NAME = AppIcon;
				ASSETCATALOG_COMPILER_GLOBAL_ACCENT_COLOR_NAME = AccentColor;
				CODE_SIGN_STYLE = Automatic;
				CURRENT_PROJECT_VERSION = 1;
				DEVELOPMENT_ASSET_PATHS = "\"BoilerMake/Preview Content\"";
				DEVELOPMENT_TEAM = U96BGV75G7;
				ENABLE_PREVIEWS = YES;
				GENERATE_INFOPLIST_FILE = YES;
				INFOPLIST_FILE = BoilerMake/Info.plist;
				INFOPLIST_KEY_LSApplicationCategoryType = "";
				INFOPLIST_KEY_NSCameraUsageDescription = "";
				INFOPLIST_KEY_NSMicrophoneUsageDescription = Audio;
				INFOPLIST_KEY_NSSpeechRecognitionUsageDescription = Audio;
				INFOPLIST_KEY_UIApplicationSupportsIndirectInputEvents = YES;
				INFOPLIST_KEY_UILaunchScreen_Generation = YES;
				INFOPLIST_KEY_UIRequiredDeviceCapabilities = arkit;
				INFOPLIST_KEY_UIStatusBarHidden = YES;
				INFOPLIST_KEY_UISupportedInterfaceOrientations_iPad = "UIInterfaceOrientationPortrait UIInterfaceOrientationPortraitUpsideDown UIInterfaceOrientationLandscapeLeft UIInterfaceOrientationLandscapeRight";
				INFOPLIST_KEY_UISupportedInterfaceOrientations_iPhone = "UIInterfaceOrientationPortrait UIInterfaceOrientationLandscapeLeft UIInterfaceOrientationLandscapeRight";
				LD_RUNPATH_SEARCH_PATHS = (
					"$(inherited)",
					"@executable_path/Frameworks",
				);
				MARKETING_VERSION = 1.0;
				PRODUCT_BUNDLE_IDENTIFIER = com.AnanyaAutomation.BoilerMake123;
				PRODUCT_NAME = "$(TARGET_NAME)";
				SWIFT_EMIT_LOC_STRINGS = YES;
				SWIFT_VERSION = 5.0;
				TARGETED_DEVICE_FAMILY = "1,2";
			};
			name = Release;
		};
		0A1FF8802D6A51FF00500C92 /* Debug */ = {
			isa = XCBuildConfiguration;
			buildSettings = {
				BUNDLE_LOADER = "$(TEST_HOST)";
				CODE_SIGN_STYLE = Automatic;
				CURRENT_PROJECT_VERSION = 1;
				DEVELOPMENT_TEAM = H65HS568Q6;
				GENERATE_INFOPLIST_FILE = YES;
				IPHONEOS_DEPLOYMENT_TARGET = 18.2;
				MARKETING_VERSION = 1.0;
				PRODUCT_BUNDLE_IDENTIFIER = com.example..BoilerMakeTests;
				PRODUCT_NAME = "$(TARGET_NAME)";
				SWIFT_EMIT_LOC_STRINGS = NO;
				SWIFT_VERSION = 5.0;
				TARGETED_DEVICE_FAMILY = "1,2";
				TEST_HOST = "$(BUILT_PRODUCTS_DIR)/BoilerMake.app/$(BUNDLE_EXECUTABLE_FOLDER_PATH)/BoilerMake";
			};
			name = Debug;
		};
		0A1FF8812D6A51FF00500C92 /* Release */ = {
			isa = XCBuildConfiguration;
			buildSettings = {
				BUNDLE_LOADER = "$(TEST_HOST)";
				CODE_SIGN_STYLE = Automatic;
				CURRENT_PROJECT_VERSION = 1;
				DEVELOPMENT_TEAM = H65HS568Q6;
				GENERATE_INFOPLIST_FILE = YES;
				IPHONEOS_DEPLOYMENT_TARGET = 18.2;
				MARKETING_VERSION = 1.0;
				PRODUCT_BUNDLE_IDENTIFIER = com.example..BoilerMakeTests;
				PRODUCT_NAME = "$(TARGET_NAME)";
				SWIFT_EMIT_LOC_STRINGS = NO;
				SWIFT_VERSION = 5.0;
				TARGETED_DEVICE_FAMILY = "1,2";
				TEST_HOST = "$(BUILT_PRODUCTS_DIR)/BoilerMake.app/$(BUNDLE_EXECUTABLE_FOLDER_PATH)/BoilerMake";
			};
			name = Release;
		};
		0A1FF8832D6A51FF00500C92 /* Debug */ = {
			isa = XCBuildConfiguration;
			buildSettings = {
				CODE_SIGN_STYLE = Automatic;
				CURRENT_PROJECT_VERSION = 1;
				DEVELOPMENT_TEAM = H65HS568Q6;
				GENERATE_INFOPLIST_FILE = YES;
				MARKETING_VERSION = 1.0;
				PRODUCT_BUNDLE_IDENTIFIER = com.example..BoilerMakeUITests;
				PRODUCT_NAME = "$(TARGET_NAME)";
				SWIFT_EMIT_LOC_STRINGS = NO;
				SWIFT_VERSION = 5.0;
				TARGETED_DEVICE_FAMILY = "1,2";
				TEST_TARGET_NAME = BoilerMake;
			};
			name = Debug;
		};
		0A1FF8842D6A51FF00500C92 /* Release */ = {
			isa = XCBuildConfiguration;
			buildSettings = {
				CODE_SIGN_STYLE = Automatic;
				CURRENT_PROJECT_VERSION = 1;
				DEVELOPMENT_TEAM = H65HS568Q6;
				GENERATE_INFOPLIST_FILE = YES;
				MARKETING_VERSION = 1.0;
				PRODUCT_BUNDLE_IDENTIFIER = com.example..BoilerMakeUITests;
				PRODUCT_NAME = "$(TARGET_NAME)";
				SWIFT_EMIT_LOC_STRINGS = NO;
				SWIFT_VERSION = 5.0;
				TARGETED_DEVICE_FAMILY = "1,2";
				TEST_TARGET_NAME = BoilerMake;
			};
			name = Release;
		};
/* End XCBuildConfiguration section */

/* Begin XCConfigurationList section */
		0A1FF8532D6A51FD00500C92 /* Build configuration list for PBXProject "BoilerMake" */ = {
			isa = XCConfigurationList;
			buildConfigurations = (
				0A1FF87A2D6A51FF00500C92 /* Debug */,
				0A1FF87B2D6A51FF00500C92 /* Release */,
			);
			defaultConfigurationIsVisible = 0;
			defaultConfigurationName = Release;
		};
		0A1FF87C2D6A51FF00500C92 /* Build configuration list for PBXNativeTarget "BoilerMake" */ = {
			isa = XCConfigurationList;
			buildConfigurations = (
				0A1FF87D2D6A51FF00500C92 /* Debug */,
				0A1FF87E2D6A51FF00500C92 /* Release */,
			);
			defaultConfigurationIsVisible = 0;
			defaultConfigurationName = Release;
		};
		0A1FF87F2D6A51FF00500C92 /* Build configuration list for PBXNativeTarget "BoilerMakeTests" */ = {
			isa = XCConfigurationList;
			buildConfigurations = (
				0A1FF8802D6A51FF00500C92 /* Debug */,
				0A1FF8812D6A51FF00500C92 /* Release */,
			);
			defaultConfigurationIsVisible = 0;
			defaultConfigurationName = Release;
		};
		0A1FF8822D6A51FF00500C92 /* Build configuration list for PBXNativeTarget "BoilerMakeUITests" */ = {
			isa = XCConfigurationList;
			buildConfigurations = (
				0A1FF8832D6A51FF00500C92 /* Debug */,
				0A1FF8842D6A51FF00500C92 /* Release */,
			);
			defaultConfigurationIsVisible = 0;
			defaultConfigurationName = Release;
		};
/* End XCConfigurationList section */

/* Begin XCRemoteSwiftPackageReference section */
		149C6E982DB0079D0073D5BF /* XCRemoteSwiftPackageReference "firebase-ios-sdk" */ = {
			isa = XCRemoteSwiftPackageReference;
			repositoryURL = "https://github.com/firebase/firebase-ios-sdk.git";
			requirement = {
				kind = upToNextMajorVersion;
				minimumVersion = 11.11.0;
			};
		};
		14A87A7C2DB0245E00B3CFC3 /* XCRemoteSwiftPackageReference "GoogleSignIn-iOS" */ = {
			isa = XCRemoteSwiftPackageReference;
			repositoryURL = "https://github.com/google/GoogleSignIn-iOS";
			requirement = {
				kind = upToNextMajorVersion;
				minimumVersion = 8.0.0;
			};
		};
/* End XCRemoteSwiftPackageReference section */

/* Begin XCSwiftPackageProductDependency section */
		149C6E992DB0079D0073D5BF /* FirebaseAnalytics */ = {
			isa = XCSwiftPackageProductDependency;
			package = 149C6E982DB0079D0073D5BF /* XCRemoteSwiftPackageReference "firebase-ios-sdk" */;
			productName = FirebaseAnalytics;
		};
		149C6E9B2DB0079D0073D5BF /* FirebaseAppCheck */ = {
			isa = XCSwiftPackageProductDependency;
			package = 149C6E982DB0079D0073D5BF /* XCRemoteSwiftPackageReference "firebase-ios-sdk" */;
			productName = FirebaseAppCheck;
		};
		149C6E9D2DB0079D0073D5BF /* FirebaseAppDistribution-Beta */ = {
			isa = XCSwiftPackageProductDependency;
			package = 149C6E982DB0079D0073D5BF /* XCRemoteSwiftPackageReference "firebase-ios-sdk" */;
			productName = "FirebaseAppDistribution-Beta";
		};
		149C6E9F2DB0079D0073D5BF /* FirebaseAuth */ = {
			isa = XCSwiftPackageProductDependency;
			package = 149C6E982DB0079D0073D5BF /* XCRemoteSwiftPackageReference "firebase-ios-sdk" */;
			productName = FirebaseAuth;
		};
		149C6EA12DB0079D0073D5BF /* FirebaseAuthCombine-Community */ = {
			isa = XCSwiftPackageProductDependency;
			package = 149C6E982DB0079D0073D5BF /* XCRemoteSwiftPackageReference "firebase-ios-sdk" */;
			productName = "FirebaseAuthCombine-Community";
		};
		149C6EA32DB0079D0073D5BF /* FirebaseCore */ = {
			isa = XCSwiftPackageProductDependency;
			package = 149C6E982DB0079D0073D5BF /* XCRemoteSwiftPackageReference "firebase-ios-sdk" */;
			productName = FirebaseCore;
		};
		149C6EA52DB0079D0073D5BF /* FirebaseCrashlytics */ = {
			isa = XCSwiftPackageProductDependency;
			package = 149C6E982DB0079D0073D5BF /* XCRemoteSwiftPackageReference "firebase-ios-sdk" */;
			productName = FirebaseCrashlytics;
		};
		149C6EA72DB0079D0073D5BF /* FirebaseDatabase */ = {
			isa = XCSwiftPackageProductDependency;
			package = 149C6E982DB0079D0073D5BF /* XCRemoteSwiftPackageReference "firebase-ios-sdk" */;
			productName = FirebaseDatabase;
		};
		149C6EA92DB0079D0073D5BF /* FirebaseStorage */ = {
			isa = XCSwiftPackageProductDependency;
			package = 149C6E982DB0079D0073D5BF /* XCRemoteSwiftPackageReference "firebase-ios-sdk" */;
			productName = FirebaseStorage;
		};
		149C6EAB2DB0079D0073D5BF /* FirebaseStorageCombine-Community */ = {
			isa = XCSwiftPackageProductDependency;
			package = 149C6E982DB0079D0073D5BF /* XCRemoteSwiftPackageReference "firebase-ios-sdk" */;
			productName = "FirebaseStorageCombine-Community";
		};
		14A87A7F2DB0265800B3CFC3 /* GoogleSignIn */ = {
			isa = XCSwiftPackageProductDependency;
			package = 14A87A7C2DB0245E00B3CFC3 /* XCRemoteSwiftPackageReference "GoogleSignIn-iOS" */;
			productName = GoogleSignIn;
		};
		14A87A812DB0265800B3CFC3 /* GoogleSignInSwift */ = {
			isa = XCSwiftPackageProductDependency;
			package = 14A87A7C2DB0245E00B3CFC3 /* XCRemoteSwiftPackageReference "GoogleSignIn-iOS" */;
			productName = GoogleSignInSwift;
		};
		14A87A892DB03D2D00B3CFC3 /* FirebaseFirestore */ = {
			isa = XCSwiftPackageProductDependency;
			package = 149C6E982DB0079D0073D5BF /* XCRemoteSwiftPackageReference "firebase-ios-sdk" */;
			productName = FirebaseFirestore;
		};
/* End XCSwiftPackageProductDependency section */
	};
	rootObject = 0A1FF8502D6A51FD00500C92 /* Project object */;
}
